{
  "version": 4,
  "terraform_version": "1.4.6",
  "serial": 189,
  "lineage": "51b01acd-f17f-9e88-294f-e44fcc69017f",
  "outputs": {},
  "resources": [
    {
      "mode": "managed",
      "type": "aws_iam_policy",
      "name": "architect_admin",
      "provider": "provider[\"registry.terraform.io/hashicorp/aws\"]",
      "instances": [
        {
          "schema_version": 0,
          "attributes": {
            "arn": "arn:aws:iam::569083195829:policy/architect_admin",
            "description": "architect_admin",
            "id": "arn:aws:iam::569083195829:policy/architect_admin",
            "name": "architect_admin",
            "name_prefix": "",
            "path": "/",
            "policy": "{\"Statement\":[{\"Action\":\"rds:DeleteDBInstance\",\"Effect\":\"Deny\",\"Resource\":\"*\",\"Sid\":\"RDSDeleteDeny\"},{\"Action\":[\"cloudwatch:*\",\"logs:*\",\"cloudtrail:*\",\"kms:Describe*\",\"kms:Get*\",\"kms:List*\",\"ec2:*\",\"elasticloadbalancing:*\",\"tag:*\",\"iam:Generate*\",\"iam:Get*\",\"iam:List*\",\"iam:Simulate*\",\"autoscaling:*\",\"guardduty:*\",\"s3:*\",\"Lambda:*\",\"sns:*\",\"sqs:*\",\"health:*\",\"healthlake:*\",\"rds:*\",\"backup:*\"],\"Condition\":{\"Bool\":{\"aws:ViaAWSService\":\"false\"},\"IpAddress\":{\"aws:SourceIp\":[\"0.0.0.0/0\"]}},\"Effect\":\"Allow\",\"Resource\":\"*\",\"Sid\":\"Allow\"}],\"Version\":\"2012-10-17\"}",
            "policy_id": "ANPAYJAAAOG26SP3UGSGJ",
            "tags": {},
            "tags_all": {}
          },
          "sensitive_attributes": [],
          "private": "bnVsbA=="
        }
      ]
    },
    {
      "mode": "managed",
      "type": "aws_iam_policy",
      "name": "security_manager",
      "provider": "provider[\"registry.terraform.io/hashicorp/aws\"]",
      "instances": [
        {
          "schema_version": 0,
          "attributes": {
            "arn": "arn:aws:iam::569083195829:policy/security_manager",
            "description": "security_manager",
            "id": "arn:aws:iam::569083195829:policy/security_manager",
            "name": "security_manager",
            "name_prefix": "",
            "path": "/",
            "policy": "{\"Statement\":[{\"Action\":[\"kms:Disable*\",\"kms:Delete*\"],\"Effect\":\"Deny\",\"Resource\":\"*\",\"Sid\":\"KMSDeleteDeny\"},{\"Action\":[\"cloudwatch:Describe*\",\"cloudwatch:Get*\",\"cloudwatch:List*\",\"logs:Describe*\",\"logs:FilterLogEvents\",\"logs:Get*\",\"logs:ListTagsForResource\",\"logs:ListTagsLogGroup\",\"logs:StartLiveTail\",\"logs:StartQuery\",\"logs:StopLiveTail\",\"logs:StopQuery\",\"logs:TestMetricFilter\",\"cloudtrail:Describe*\",\"cloudtrail:Get*\",\"cloudtrail:List*\",\"cloudtrail:LookupEvents\",\"kms:*\",\"ec2:Describe*\",\"ec2:Get*\",\"elasticloadbalancing:Describe*\",\"tag:*\",\"iam:Generate*\",\"iam:Get*\",\"iam:List*\",\"iam:Simulate*\",\"autoscaling:Describe*\",\"guardduty:List*\",\"guardduty:Describe*\",\"guardduty:Get*\",\"s3:List*\",\"s3:Describe*\",\"s3:Get*\",\"Lambda:List*\",\"Lambda:Get*\",\"sns:Check*\",\"sns:Get*\",\"sns:List*\",\"sqs:Get*\",\"sqs:List*\",\"sqs:Receive*\",\"health:Describe*\",\"healthlake:DescribeFHIRDatastore\",\"healthlake:DescribeFHIRExportJob\",\"healthlake:DescribeFHIRImportJob\",\"healthlake:GetCapabilities\",\"healthlake:ListFHIRDatastores\",\"healthlake:ListFHIRExportJobs\",\"healthlake:ListFHIRImportJobs\",\"healthlake:ListTagsForResource\",\"healthlake:ReadResource\",\"healthlake:SearchWithGet\",\"healthlake:SearchWithPost\",\"rds:Describe*\",\"rds:Download*\",\"rds:List*\",\"backup:Describe*\",\"backup:Get*\",\"backup:List*\"],\"Condition\":{\"Bool\":{\"aws:ViaAWSService\":\"false\"},\"IpAddress\":{\"aws:SourceIp\":[\"0.0.0.0/0\"]}},\"Effect\":\"Allow\",\"Resource\":\"*\",\"Sid\":\"Statement1\"}],\"Version\":\"2012-10-17\"}",
            "policy_id": "ANPAYJAAAOG27OPNFBWKD",
            "tags": {},
            "tags_all": {}
          },
          "sensitive_attributes": [],
          "private": "bnVsbA=="
        }
      ]
    },
    {
      "mode": "managed",
      "type": "aws_iam_policy_attachment",
      "name": "architect_admin",
      "provider": "provider[\"registry.terraform.io/hashicorp/aws\"]",
      "instances": [
        {
          "schema_version": 0,
          "attributes": {
            "groups": [],
            "id": "architect_admin_attachment",
            "name": "architect_admin_attachment",
            "policy_arn": "arn:aws:iam::569083195829:policy/architect_admin",
            "roles": [
              "architect_admin"
            ],
            "users": []
          },
          "sensitive_attributes": [],
          "private": "bnVsbA==",
          "dependencies": [
            "aws_iam_policy.architect_admin",
            "aws_iam_role.architect_admin",
            "aws_iam_user.architect_admin"
          ]
        }
      ]
    },
    {
      "mode": "managed",
      "type": "aws_iam_policy_attachment",
      "name": "security_admin",
      "provider": "provider[\"registry.terraform.io/hashicorp/aws\"]",
      "instances": [
        {
          "schema_version": 0,
          "attributes": {
            "groups": [],
            "id": "security_admin_attachment",
            "name": "security_admin_attachment",
            "policy_arn": "arn:aws:iam::aws:policy/AdministratorAccess",
            "roles": [
              "security_admin"
            ],
            "users": []
          },
          "sensitive_attributes": [],
          "private": "bnVsbA==",
          "dependencies": [
            "aws_iam_role.security_admin"
          ]
        }
      ]
    },
    {
      "mode": "managed",
      "type": "aws_iam_policy_attachment",
      "name": "security_manager",
      "provider": "provider[\"registry.terraform.io/hashicorp/aws\"]",
      "instances": [
        {
          "schema_version": 0,
          "attributes": {
            "groups": [],
            "id": "security_manager_attachment",
            "name": "security_manager_attachment",
            "policy_arn": "arn:aws:iam::569083195829:policy/security_manager",
            "roles": [
              "security_manager"
            ],
            "users": []
          },
          "sensitive_attributes": [],
          "private": "bnVsbA==",
          "dependencies": [
            "aws_iam_policy.security_manager",
            "aws_iam_role.security_manager"
          ]
        }
      ]
    },
    {
      "mode": "managed",
      "type": "aws_iam_role",
      "name": "architect_admin",
      "provider": "provider[\"registry.terraform.io/hashicorp/aws\"]",
      "instances": [
        {
          "schema_version": 0,
          "attributes": {
            "arn": "arn:aws:iam::569083195829:role/architect_admin",
            "assume_role_policy": "{\"Statement\":[{\"Action\":\"sts:AssumeRole\",\"Condition\":{\"Bool\":{\"aws:ViaAWSService\":\"false\"},\"IpAddress\":{\"aws:SourceIp\":[\"0.0.0.0/0\"]}},\"Effect\":\"Allow\",\"Principal\":{\"AWS\":\"arn:aws:iam::569083195829:user/architect_admin\"}}],\"Version\":\"2012-10-17\"}",
            "create_date": "2023-07-08T03:49:55Z",
            "description": "",
            "force_detach_policies": false,
            "id": "architect_admin",
            "inline_policy": [],
            "managed_policy_arns": [
              "arn:aws:iam::569083195829:policy/architect_admin"
            ],
            "max_session_duration": 3600,
            "name": "architect_admin",
            "name_prefix": "",
            "path": "/",
            "permissions_boundary": null,
            "tags": {
              "Name": "architect_admin"
            },
            "tags_all": {
              "Name": "architect_admin"
            },
            "unique_id": "AROAYJAAAOG2ULYCX42VJ"
          },
          "sensitive_attributes": [],
          "private": "bnVsbA==",
          "dependencies": [
            "aws_iam_user.architect_admin"
          ]
        }
      ]
    },
    {
      "mode": "managed",
      "type": "aws_iam_role",
      "name": "security_admin",
      "provider": "provider[\"registry.terraform.io/hashicorp/aws\"]",
      "instances": [
        {
          "schema_version": 0,
          "attributes": {
            "arn": "arn:aws:iam::569083195829:role/security_admin",
            "assume_role_policy": "{\"Statement\":[{\"Action\":\"sts:AssumeRole\",\"Condition\":{\"Bool\":{\"aws:ViaAWSService\":\"false\"},\"IpAddress\":{\"aws:SourceIp\":[\"46.51.237.177/32\"]}},\"Effect\":\"Allow\",\"Principal\":{\"AWS\":\"arn:aws:iam::569083195829:user/security_admin\"}}],\"Version\":\"2012-10-17\"}",
            "create_date": "2023-07-08T06:15:19Z",
            "description": "",
            "force_detach_policies": false,
            "id": "security_admin",
            "inline_policy": [],
            "managed_policy_arns": [
              "arn:aws:iam::aws:policy/AdministratorAccess"
            ],
            "max_session_duration": 3600,
            "name": "security_admin",
            "name_prefix": "",
            "path": "/",
            "permissions_boundary": null,
            "tags": {
              "Name": "security_admin"
            },
            "tags_all": {
              "Name": "security_admin"
            },
            "unique_id": "AROAYJAAAOG22BLDCSDVW"
          },
          "sensitive_attributes": [],
          "private": "bnVsbA==",
          "dependencies": [
            "aws_iam_user.security_admin"
          ]
        }
      ]
    },
    {
      "mode": "managed",
      "type": "aws_iam_role",
      "name": "security_manager",
      "provider": "provider[\"registry.terraform.io/hashicorp/aws\"]",
      "instances": [
        {
          "schema_version": 0,
          "attributes": {
            "arn": "arn:aws:iam::569083195829:role/security_manager",
            "assume_role_policy": "{\"Statement\":[{\"Action\":\"sts:AssumeRole\",\"Condition\":{},\"Effect\":\"Allow\",\"Principal\":{\"AWS\":\"arn:aws:iam::569083195829:user/security_manager\"}}],\"Version\":\"2012-10-17\"}",
            "create_date": "2023-07-08T03:49:55Z",
            "description": "",
            "force_detach_policies": false,
            "id": "security_manager",
            "inline_policy": [],
            "managed_policy_arns": [
              "arn:aws:iam::569083195829:policy/security_manager"
            ],
            "max_session_duration": 3600,
            "name": "security_manager",
            "name_prefix": "",
            "path": "/",
            "permissions_boundary": null,
            "tags": {
              "Name": "architect_admin"
            },
            "tags_all": {
              "Name": "architect_admin"
            },
            "unique_id": "AROAYJAAAOG2UZAEBHFT3"
          },
          "sensitive_attributes": [],
          "private": "bnVsbA=="
        }
      ]
    },
    {
      "mode": "managed",
      "type": "aws_iam_user",
      "name": "architect_admin",
      "provider": "provider[\"registry.terraform.io/hashicorp/aws\"]",
      "instances": [
        {
          "schema_version": 0,
          "attributes": {
            "arn": "arn:aws:iam::569083195829:user/architect_admin",
            "force_destroy": false,
            "id": "architect_admin",
            "name": "architect_admin",
            "path": "/",
            "permissions_boundary": null,
            "tags": {
              "Name": "architect_admin"
            },
            "tags_all": {
              "Name": "architect_admin"
            },
            "unique_id": "AIDAYJAAAOG2TCAFMGVCP"
          },
          "sensitive_attributes": [],
          "private": "bnVsbA=="
        }
      ]
    },
    {
      "mode": "managed",
      "type": "aws_iam_user",
      "name": "security_admin",
      "provider": "provider[\"registry.terraform.io/hashicorp/aws\"]",
      "instances": [
        {
          "schema_version": 0,
          "attributes": {
            "arn": "arn:aws:iam::569083195829:user/security_admin",
            "force_destroy": false,
            "id": "security_admin",
            "name": "security_admin",
            "path": "/",
            "permissions_boundary": null,
            "tags": {
              "Name": "security_admin"
            },
            "tags_all": {
              "Name": "security_admin"
            },
            "unique_id": "AIDAYJAAAOG256SKQLCZJ"
          },
          "sensitive_attributes": [],
          "private": "bnVsbA=="
        }
      ]
    },
    {
      "mode": "managed",
      "type": "aws_iam_user",
      "name": "security_manager",
      "provider": "provider[\"registry.terraform.io/hashicorp/aws\"]",
      "instances": [
        {
          "schema_version": 0,
          "attributes": {
            "arn": "arn:aws:iam::569083195829:user/security_manager",
            "force_destroy": false,
            "id": "security_manager",
            "name": "security_manager",
            "path": "/",
            "permissions_boundary": null,
            "tags": {
              "Name": "security_manager"
            },
            "tags_all": {
              "Name": "security_manager"
            },
            "unique_id": "AIDAYJAAAOG2VU6ZH4X62"
          },
          "sensitive_attributes": [],
          "private": "bnVsbA=="
        }
      ]
    },
    {
      "mode": "managed",
      "type": "aws_iam_user_login_profile",
      "name": "architect_admin",
      "provider": "provider[\"registry.terraform.io/hashicorp/aws\"]",
      "instances": [
        {
          "schema_version": 0,
          "attributes": {
            "encrypted_password": null,
            "id": "architect_admin",
            "key_fingerprint": null,
            "password": "A06R\u0026vf^MM6t%0Aofg]h",
            "password_length": 20,
            "password_reset_required": false,
            "pgp_key": null,
            "user": "architect_admin"
          },
          "sensitive_attributes": [],
          "private": "bnVsbA==",
          "dependencies": [
            "aws_iam_user.architect_admin"
          ]
        }
      ]
    },
    {
      "mode": "managed",
      "type": "aws_iam_user_login_profile",
      "name": "security_admin",
      "provider": "provider[\"registry.terraform.io/hashicorp/aws\"]",
      "instances": [
        {
          "schema_version": 0,
          "attributes": {
            "encrypted_password": null,
            "id": "security_admin",
            "key_fingerprint": null,
            "password": "}iwIRf_fh-UApR9blQuu",
            "password_length": 20,
            "password_reset_required": null,
            "pgp_key": null,
            "user": "security_admin"
          },
          "sensitive_attributes": [],
          "private": "bnVsbA==",
          "dependencies": [
            "aws_iam_user.security_admin"
          ]
        }
      ]
    },
    {
      "mode": "managed",
      "type": "aws_iam_user_login_profile",
      "name": "security_manager",
      "provider": "provider[\"registry.terraform.io/hashicorp/aws\"]",
      "instances": [
        {
          "schema_version": 0,
          "attributes": {
            "encrypted_password": null,
            "id": "security_manager",
            "key_fingerprint": null,
            "password": "1TGl[k5YprbAUj[]x@=r",
            "password_length": 20,
            "password_reset_required": false,
            "pgp_key": null,
            "user": "security_manager"
          },
          "sensitive_attributes": [],
          "private": "bnVsbA==",
          "dependencies": [
            "aws_iam_user.security_manager"
          ]
        }
      ]
    },
    {
      "mode": "managed",
      "type": "aws_iam_user_policy",
      "name": "architect_admin",
      "provider": "provider[\"registry.terraform.io/hashicorp/aws\"]",
      "instances": [
        {
          "schema_version": 0,
          "attributes": {
            "id": "architect_admin:terraform-20230711032813739900000001",
            "name": "terraform-20230711032813739900000001",
            "name_prefix": null,
            "policy": "{\"Version\":\"2012-10-17\",\"Statement\":[{\"Action\":[\"iam:GetAccountPasswordPolicy\",\"iam:GetAccountPasswordPolicy\",\"iam:GetAccountSummary\",\"iam:ListVirtualMFADevices\"],\"Effect\":\"Allow\",\"Resource\":\"*\",\"Sid\":\"AllowResource\"},{\"Action\":[\"iam:ChangePassword\",\"iam:GetUser\",\"iam:CreateAccessKey\",\"iam:DeleteAccessKey\",\"iam:ListAccessKeys\",\"iam:UpdateAccessKey\",\"iam:DeleteSigningCertificate\",\"iam:ListSigningCertificates\",\"iam:UpdateSigningCertificate\",\"iam:UploadSigningCertificate\",\"iam:DeleteSSHPublicKey\",\"iam:GetSSHPublicKey\",\"iam:ListSSHPublicKeys\",\"iam:UpdateSSHPublicKey\",\"iam:UploadSSHPublicKey\",\"iam:CreateServiceSpecificCredential\",\"iam:DeleteServiceSpecificCredential\",\"iam:ListServiceSpecificCredentials\",\"iam:ResetServiceSpecificCredential\",\"iam:UpdateServiceSpecificCredential\",\"iam:DeactivateMFADevice\",\"iam:EnableMFADevice\",\"iam:ListMFADevices\",\"iam:ResyncMFADevice\"],\"Effect\":\"Allow\",\"Resource\":\"arn:aws:iam::569083195829:user/architect_admin\",\"Sid\":\"AllowRule\"},{\"Action\":[\"iam:CreateVirtualMFADevice\",\"iam:DeleteVirtualMFADevice\"],\"Effect\":\"Allow\",\"Resource\":\"arn:aws:iam::*:mfa/*\",\"Sid\":\"AllowManageOwnVirtualMFADevice\"},{\"Condition\":{\"BoolIfExists\":{\"aws:MultiFactorAuthPresent\":\"false\"}},\"Effect\":\"Deny\",\"NotAction\":[\"iam:CreateVirtualMFADevice\",\"iam:EnableMFADevice\",\"iam:GetUser\",\"iam:ListMFADevices\",\"iam:ListVirtualMFADevices\",\"iam:ResyncMFADevice\",\"iam:ChangePassword\",\"iam:GetAccountPasswordPolicy\"],\"Resource\":\"*\",\"Sid\":\"DenyAllExceptListedIfNoMFA\"}]}",
            "user": "architect_admin"
          },
          "sensitive_attributes": [],
          "private": "bnVsbA==",
          "dependencies": [
            "aws_iam_user.architect_admin"
          ]
        }
      ]
    },
    {
      "mode": "managed",
      "type": "aws_iam_user_policy",
      "name": "security_admin",
      "provider": "provider[\"registry.terraform.io/hashicorp/aws\"]",
      "instances": [
        {
          "schema_version": 0,
          "attributes": {
            "id": "security_admin:terraform-20230711032813740300000003",
            "name": "terraform-20230711032813740300000003",
            "name_prefix": null,
            "policy": "{\"Version\":\"2012-10-17\",\"Statement\":[{\"Action\":[\"iam:GetAccountPasswordPolicy\",\"iam:GetAccountPasswordPolicy\",\"iam:GetAccountSummary\",\"iam:ListVirtualMFADevices\"],\"Effect\":\"Allow\",\"Resource\":\"*\",\"Sid\":\"AllowResource\"},{\"Action\":[\"iam:ChangePassword\",\"iam:GetUser\",\"iam:CreateAccessKey\",\"iam:DeleteAccessKey\",\"iam:ListAccessKeys\",\"iam:UpdateAccessKey\",\"iam:DeleteSigningCertificate\",\"iam:ListSigningCertificates\",\"iam:UpdateSigningCertificate\",\"iam:UploadSigningCertificate\",\"iam:DeleteSSHPublicKey\",\"iam:GetSSHPublicKey\",\"iam:ListSSHPublicKeys\",\"iam:UpdateSSHPublicKey\",\"iam:UploadSSHPublicKey\",\"iam:CreateServiceSpecificCredential\",\"iam:DeleteServiceSpecificCredential\",\"iam:ListServiceSpecificCredentials\",\"iam:ResetServiceSpecificCredential\",\"iam:UpdateServiceSpecificCredential\",\"iam:DeactivateMFADevice\",\"iam:EnableMFADevice\",\"iam:ListMFADevices\",\"iam:ResyncMFADevice\"],\"Effect\":\"Allow\",\"Resource\":\"arn:aws:iam::569083195829:user/security_admin\",\"Sid\":\"AllowRule\"},{\"Action\":[\"iam:CreateVirtualMFADevice\",\"iam:DeleteVirtualMFADevice\"],\"Effect\":\"Allow\",\"Resource\":\"arn:aws:iam::*:mfa/*\",\"Sid\":\"AllowManageOwnVirtualMFADevice\"},{\"Condition\":{\"BoolIfExists\":{\"aws:MultiFactorAuthPresent\":\"false\"}},\"Effect\":\"Deny\",\"NotAction\":[\"iam:CreateVirtualMFADevice\",\"iam:EnableMFADevice\",\"iam:GetUser\",\"iam:ListMFADevices\",\"iam:ListVirtualMFADevices\",\"iam:ResyncMFADevice\",\"iam:ChangePassword\",\"iam:GetAccountPasswordPolicy\"],\"Resource\":\"*\",\"Sid\":\"DenyAllExceptListedIfNoMFA\"}]}",
            "user": "security_admin"
          },
          "sensitive_attributes": [],
          "private": "bnVsbA==",
          "dependencies": [
            "aws_iam_user.security_admin"
          ]
        }
      ]
    },
    {
      "mode": "managed",
      "type": "aws_iam_user_policy",
      "name": "security_manager",
      "provider": "provider[\"registry.terraform.io/hashicorp/aws\"]",
      "instances": [
        {
          "schema_version": 0,
          "attributes": {
            "id": "security_manager:terraform-20230711032813740000000002",
            "name": "terraform-20230711032813740000000002",
            "name_prefix": null,
            "policy": "{\"Version\":\"2012-10-17\",\"Statement\":[{\"Action\":[\"iam:GetAccountPasswordPolicy\",\"iam:GetAccountPasswordPolicy\",\"iam:GetAccountSummary\",\"iam:ListVirtualMFADevices\"],\"Effect\":\"Allow\",\"Resource\":\"*\",\"Sid\":\"AllowResource\"},{\"Action\":[\"iam:ChangePassword\",\"iam:GetUser\",\"iam:CreateAccessKey\",\"iam:DeleteAccessKey\",\"iam:ListAccessKeys\",\"iam:UpdateAccessKey\",\"iam:DeleteSigningCertificate\",\"iam:ListSigningCertificates\",\"iam:UpdateSigningCertificate\",\"iam:UploadSigningCertificate\",\"iam:DeleteSSHPublicKey\",\"iam:GetSSHPublicKey\",\"iam:ListSSHPublicKeys\",\"iam:UpdateSSHPublicKey\",\"iam:UploadSSHPublicKey\",\"iam:CreateServiceSpecificCredential\",\"iam:DeleteServiceSpecificCredential\",\"iam:ListServiceSpecificCredentials\",\"iam:ResetServiceSpecificCredential\",\"iam:UpdateServiceSpecificCredential\",\"iam:DeactivateMFADevice\",\"iam:EnableMFADevice\",\"iam:ListMFADevices\",\"iam:ResyncMFADevice\"],\"Effect\":\"Allow\",\"Resource\":\"*\",\"Sid\":\"AllowRule\"},{\"Action\":[\"iam:CreateVirtualMFADevice\",\"iam:DeleteVirtualMFADevice\"],\"Effect\":\"Allow\",\"Resource\":\"arn:aws:iam::*:mfa/*\",\"Sid\":\"AllowManageOwnVirtualMFADevice\"},{\"Condition\":{\"BoolIfExists\":{\"aws:MultiFactorAuthPresent\":\"false\"}},\"Effect\":\"Deny\",\"NotAction\":[\"iam:ListUsers\",\"iam:ChangePassword\",\"iam:GetUser\",\"iam:CreateVirtualMFADevice\",\"iam:DeleteVirtualMFADevice\",\"iam:DeactivateMFADevice\",\"iam:EnableMFADevice\",\"iam:ListMFADevices\",\"iam:ResyncMFADevice\"],\"Resource\":\"*\",\"Sid\":\"DenyAllExceptListedIfNoMFA\"}]}",
            "user": "security_manager"
          },
          "sensitive_attributes": [],
          "private": "bnVsbA==",
          "dependencies": [
            "aws_iam_user.security_manager"
          ]
        }
      ]
    }
  ],
  "check_results": null
}
