{
  "version": 4,
  "terraform_version": "1.4.6",
  "serial": 41,
  "lineage": "6f1d4828-da21-cc7d-3aed-ee3e4869f664",
  "outputs": {},
  "resources": [
    {
      "mode": "data",
      "type": "aws_kms_key",
      "name": "storage_key",
      "provider": "provider[\"registry.terraform.io/hashicorp/aws\"]",
      "instances": [
        {
          "schema_version": 0,
          "attributes": {
            "arn": "arn:aws:kms:ap-northeast-1:569083195829:key/6c448b15-c598-4b99-92e0-1e9cd01e593a",
            "aws_account_id": "569083195829",
            "cloud_hsm_cluster_id": "",
            "creation_date": "2023-06-29T04:43:07Z",
            "custom_key_store_id": "",
            "customer_master_key_spec": "SYMMETRIC_DEFAULT",
            "deletion_date": null,
            "description": "storage encrypt key",
            "enabled": true,
            "expiration_model": "",
            "grant_tokens": null,
            "id": "6c448b15-c598-4b99-92e0-1e9cd01e593a",
            "key_id": "alias/cand0-storage-encrypt-key",
            "key_manager": "CUSTOMER",
            "key_spec": "SYMMETRIC_DEFAULT",
            "key_state": "Enabled",
            "key_usage": "ENCRYPT_DECRYPT",
            "multi_region": false,
            "multi_region_configuration": [],
            "origin": "AWS_KMS",
            "pending_deletion_window_in_days": 0,
            "valid_to": null,
            "xks_key_configuration": []
          },
          "sensitive_attributes": []
        }
      ]
    },
    {
      "mode": "managed",
      "type": "aws_backup_plan",
      "name": "backup",
      "provider": "provider[\"registry.terraform.io/hashicorp/aws\"]",
      "instances": [
        {
          "schema_version": 0,
          "attributes": {
            "advanced_backup_setting": [],
            "arn": "arn:aws:backup:ap-northeast-1:569083195829:backup-plan:3b6652b1-57f9-4837-bfa9-add2d0a9f681",
            "id": "3b6652b1-57f9-4837-bfa9-add2d0a9f681",
            "name": "backup_plan",
            "rule": [
              {
                "completion_window": 180,
                "copy_action": [],
                "enable_continuous_backup": false,
                "lifecycle": [
                  {
                    "cold_storage_after": 0,
                    "delete_after": 180
                  }
                ],
                "recovery_point_tags": {},
                "rule_name": "rds_backup",
                "schedule": "cron(00 00 * * ? *)",
                "start_window": 60,
                "target_vault_name": "backup"
              }
            ],
            "tags": {},
            "tags_all": {},
            "version": "NTE3YzMyZWUtZmZmNS00ZTAwLWI5ZTItYmIyYmQ3YmMyNGNm"
          },
          "sensitive_attributes": [],
          "private": "bnVsbA==",
          "dependencies": [
            "aws_backup_vault.backup",
            "data.aws_kms_key.storage_key"
          ]
        }
      ]
    },
    {
      "mode": "managed",
      "type": "aws_backup_selection",
      "name": "rds",
      "provider": "provider[\"registry.terraform.io/hashicorp/aws\"]",
      "instances": [
        {
          "schema_version": 0,
          "attributes": {
            "condition": [
              {
                "string_equals": [
                  {
                    "key": "aws:ResourceTag/Backup",
                    "value": "true"
                  }
                ],
                "string_like": [],
                "string_not_equals": [],
                "string_not_like": []
              }
            ],
            "iam_role_arn": "arn:aws:iam::569083195829:role/backup",
            "id": "730c2511-0116-490a-a2e2-484f58640a1e",
            "name": "rds_backup",
            "not_resources": [],
            "plan_id": "3b6652b1-57f9-4837-bfa9-add2d0a9f681",
            "resources": [
              "*"
            ],
            "selection_tag": []
          },
          "sensitive_attributes": [],
          "private": "bnVsbA==",
          "dependencies": [
            "aws_backup_plan.backup",
            "aws_backup_vault.backup",
            "aws_iam_role.backup",
            "data.aws_kms_key.storage_key"
          ]
        }
      ]
    },
    {
      "mode": "managed",
      "type": "aws_backup_vault",
      "name": "backup",
      "provider": "provider[\"registry.terraform.io/hashicorp/aws\"]",
      "instances": [
        {
          "schema_version": 0,
          "attributes": {
            "arn": "arn:aws:backup:ap-northeast-1:569083195829:backup-vault:backup",
            "force_destroy": false,
            "id": "backup",
            "kms_key_arn": "arn:aws:kms:ap-northeast-1:569083195829:key/6c448b15-c598-4b99-92e0-1e9cd01e593a",
            "name": "backup",
            "recovery_points": 3,
            "tags": {},
            "tags_all": {},
            "timeouts": null
          },
          "sensitive_attributes": [],
          "private": "eyJlMmJmYjczMC1lY2FhLTExZTYtOGY4OC0zNDM2M2JjN2M0YzAiOnsiZGVsZXRlIjo2MDAwMDAwMDAwMDB9fQ==",
          "dependencies": [
            "data.aws_kms_key.storage_key"
          ]
        }
      ]
    },
    {
      "mode": "managed",
      "type": "aws_iam_role",
      "name": "backup",
      "provider": "provider[\"registry.terraform.io/hashicorp/aws\"]",
      "instances": [
        {
          "schema_version": 0,
          "attributes": {
            "arn": "arn:aws:iam::569083195829:role/backup",
            "assume_role_policy": "{\"Statement\":[{\"Action\":\"sts:AssumeRole\",\"Effect\":\"Allow\",\"Principal\":{\"Service\":\"backup.amazonaws.com\"}}],\"Version\":\"2012-10-17\"}",
            "create_date": "2023-07-07T00:10:41Z",
            "description": "",
            "force_detach_policies": false,
            "id": "backup",
            "inline_policy": [],
            "managed_policy_arns": [
              "arn:aws:iam::aws:policy/service-role/AWSBackupServiceRolePolicyForBackup"
            ],
            "max_session_duration": 3600,
            "name": "backup",
            "name_prefix": "",
            "path": "/",
            "permissions_boundary": null,
            "tags": {
              "Name": "backup"
            },
            "tags_all": {
              "Name": "backup"
            },
            "unique_id": "AROAYJAAAOG2VF6PI3T3D"
          },
          "sensitive_attributes": [],
          "private": "bnVsbA=="
        }
      ]
    },
    {
      "mode": "managed",
      "type": "aws_iam_role_policy_attachment",
      "name": "backup",
      "provider": "provider[\"registry.terraform.io/hashicorp/aws\"]",
      "instances": [
        {
          "schema_version": 0,
          "attributes": {
            "id": "backup-20230707001051179500000001",
            "policy_arn": "arn:aws:iam::aws:policy/service-role/AWSBackupServiceRolePolicyForBackup",
            "role": "backup"
          },
          "sensitive_attributes": [],
          "private": "bnVsbA==",
          "dependencies": [
            "aws_iam_role.backup"
          ]
        }
      ]
    }
  ],
  "check_results": null
}
