{
  "version": 4,
  "terraform_version": "1.4.6",
  "serial": 133,
  "lineage": "bed2f1f8-ecec-4fea-5725-eda135ba3c35",
  "outputs": {},
  "resources": [
    {
      "mode": "data",
      "type": "aws_cloudwatch_log_group",
      "name": "cloudtrail",
      "provider": "provider[\"registry.terraform.io/hashicorp/aws\"]",
      "instances": [
        {
          "schema_version": 0,
          "attributes": {
            "arn": "arn:aws:logs:ap-northeast-1:569083195829:log-group:cloudtrail",
            "creation_time": 1688360690142,
            "id": "cloudtrail",
            "kms_key_id": "",
            "name": "cloudtrail",
            "retention_in_days": 1,
            "tags": {}
          },
          "sensitive_attributes": []
        }
      ]
    },
    {
      "mode": "data",
      "type": "aws_s3_bucket",
      "name": "cloudtrail",
      "provider": "provider[\"registry.terraform.io/hashicorp/aws\"]",
      "instances": [
        {
          "schema_version": 0,
          "attributes": {
            "arn": "arn:aws:s3:::greatstar-logging",
            "bucket": "greatstar-logging",
            "bucket_domain_name": "greatstar-logging.s3.amazonaws.com",
            "bucket_regional_domain_name": "greatstar-logging.s3.ap-northeast-1.amazonaws.com",
            "hosted_zone_id": "Z2M4EHUR26P7ZW",
            "id": "greatstar-logging",
            "region": "ap-northeast-1",
            "website_domain": null,
            "website_endpoint": null
          },
          "sensitive_attributes": []
        }
      ]
    },
    {
      "mode": "managed",
      "type": "aws_cloudtrail",
      "name": "cloudtrail",
      "provider": "provider[\"registry.terraform.io/hashicorp/aws\"]",
      "instances": [
        {
          "schema_version": 0,
          "attributes": {
            "advanced_event_selector": [],
            "arn": "arn:aws:cloudtrail:ap-northeast-1:569083195829:trail/cloudtrail_logging",
            "cloud_watch_logs_group_arn": "arn:aws:logs:ap-northeast-1:569083195829:log-group:cloudtrail:*",
            "cloud_watch_logs_role_arn": "arn:aws:iam::569083195829:role/cloudtrail_logs_group",
            "enable_log_file_validation": false,
            "enable_logging": true,
            "event_selector": [],
            "home_region": "ap-northeast-1",
            "id": "cloudtrail_logging",
            "include_global_service_events": true,
            "insight_selector": [],
            "is_multi_region_trail": true,
            "is_organization_trail": false,
            "kms_key_id": "",
            "name": "cloudtrail_logging",
            "s3_bucket_name": "greatstar-logging",
            "s3_key_prefix": "Access_logs/cloudtrail",
            "sns_topic_name": "",
            "tags": {},
            "tags_all": {}
          },
          "sensitive_attributes": [],
          "private": "bnVsbA==",
          "dependencies": [
            "aws_iam_role.cloudtrail_logs_group",
            "data.aws_cloudwatch_log_group.cloudtrail",
            "data.aws_s3_bucket.cloudtrail"
          ]
        }
      ]
    },
    {
      "mode": "managed",
      "type": "aws_cloudwatch_log_metric_filter",
      "name": "create_user",
      "provider": "provider[\"registry.terraform.io/hashicorp/aws\"]",
      "instances": [
        {
          "schema_version": 0,
          "attributes": {
            "id": "cloudtrail_user",
            "log_group_name": "cloudtrail",
            "metric_transformation": [
              {
                "default_value": "",
                "dimensions": {},
                "name": "CreateUser",
                "namespace": "CreateUser",
                "unit": "Count",
                "value": "1"
              }
            ],
            "name": "cloudtrail_user",
            "pattern": "{ $.eventName = \"CreateUser\" }"
          },
          "sensitive_attributes": [],
          "private": "bnVsbA==",
          "dependencies": [
            "data.aws_cloudwatch_log_group.cloudtrail"
          ]
        }
      ]
    },
    {
      "mode": "managed",
      "type": "aws_cloudwatch_metric_alarm",
      "name": "create_user",
      "provider": "provider[\"registry.terraform.io/hashicorp/aws\"]",
      "instances": [
        {
          "schema_version": 1,
          "attributes": {
            "actions_enabled": true,
            "alarm_actions": [
              "arn:aws:sns:ap-northeast-1:569083195829:create_user"
            ],
            "alarm_description": "",
            "alarm_name": "CreateUser",
            "arn": "arn:aws:cloudwatch:ap-northeast-1:569083195829:alarm:CreateUser",
            "comparison_operator": "GreaterThanOrEqualToThreshold",
            "datapoints_to_alarm": 0,
            "dimensions": {},
            "evaluate_low_sample_count_percentiles": "",
            "evaluation_periods": 1,
            "extended_statistic": "",
            "id": "CreateUser",
            "insufficient_data_actions": [],
            "metric_name": "CreateUser",
            "metric_query": [],
            "namespace": "CreateUser",
            "ok_actions": [],
            "period": 60,
            "statistic": "Sum",
            "tags": {},
            "tags_all": {},
            "threshold": 1,
            "threshold_metric_id": "",
            "treat_missing_data": "missing",
            "unit": ""
          },
          "sensitive_attributes": [],
          "private": "eyJzY2hlbWFfdmVyc2lvbiI6IjEifQ==",
          "dependencies": [
            "aws_sns_topic.create_user"
          ]
        }
      ]
    },
    {
      "mode": "managed",
      "type": "aws_iam_policy",
      "name": "cloudtrail_logs_group",
      "provider": "provider[\"registry.terraform.io/hashicorp/aws\"]",
      "instances": [
        {
          "schema_version": 0,
          "attributes": {
            "arn": "arn:aws:iam::569083195829:policy/cloudtrail_logs_group",
            "description": "cloudtrail_logs_group",
            "id": "arn:aws:iam::569083195829:policy/cloudtrail_logs_group",
            "name": "cloudtrail_logs_group",
            "name_prefix": "",
            "path": "/",
            "policy": "{\"Statement\":[{\"Action\":[\"logs:CreateLogStream\",\"logs:PutLogEvents\"],\"Effect\":\"Allow\",\"Resource\":[\"*\"],\"Sid\":\"AWSCloudTrailCreateLogStream2014110\"}],\"Version\":\"2012-10-17\"}",
            "policy_id": "ANPAYJAAAOG2TLL356SAI",
            "tags": {},
            "tags_all": {}
          },
          "sensitive_attributes": [],
          "private": "bnVsbA=="
        }
      ]
    },
    {
      "mode": "managed",
      "type": "aws_iam_policy_attachment",
      "name": "cloudtrail_logs_group",
      "provider": "provider[\"registry.terraform.io/hashicorp/aws\"]",
      "instances": [
        {
          "schema_version": 0,
          "attributes": {
            "groups": [],
            "id": "cloudtrail_logs_group",
            "name": "cloudtrail_logs_group",
            "policy_arn": "arn:aws:iam::569083195829:policy/cloudtrail_logs_group",
            "roles": [
              "cloudtrail_logs_group"
            ],
            "users": []
          },
          "sensitive_attributes": [],
          "private": "bnVsbA==",
          "dependencies": [
            "aws_iam_policy.cloudtrail_logs_group",
            "aws_iam_role.cloudtrail_logs_group"
          ]
        }
      ]
    },
    {
      "mode": "managed",
      "type": "aws_iam_role",
      "name": "cloudtrail_logs_group",
      "provider": "provider[\"registry.terraform.io/hashicorp/aws\"]",
      "instances": [
        {
          "schema_version": 0,
          "attributes": {
            "arn": "arn:aws:iam::569083195829:role/cloudtrail_logs_group",
            "assume_role_policy": "{\"Statement\":[{\"Action\":\"sts:AssumeRole\",\"Effect\":\"Allow\",\"Principal\":{\"Service\":\"cloudtrail.amazonaws.com\"}}],\"Version\":\"2012-10-17\"}",
            "create_date": "2023-07-03T08:12:17Z",
            "description": "",
            "force_detach_policies": false,
            "id": "cloudtrail_logs_group",
            "inline_policy": [],
            "managed_policy_arns": [
              "arn:aws:iam::569083195829:policy/cloudtrail_logs_group"
            ],
            "max_session_duration": 3600,
            "name": "cloudtrail_logs_group",
            "name_prefix": "",
            "path": "/",
            "permissions_boundary": null,
            "tags": {
              "Name": "cloudtrail_logs_group"
            },
            "tags_all": {
              "Name": "cloudtrail_logs_group"
            },
            "unique_id": "AROAYJAAAOG25KISNXIYC"
          },
          "sensitive_attributes": [],
          "private": "bnVsbA=="
        }
      ]
    },
    {
      "mode": "managed",
      "type": "aws_sns_topic",
      "name": "create_user",
      "provider": "provider[\"registry.terraform.io/hashicorp/aws\"]",
      "instances": [
        {
          "schema_version": 0,
          "attributes": {
            "application_failure_feedback_role_arn": "",
            "application_success_feedback_role_arn": "",
            "application_success_feedback_sample_rate": 0,
            "arn": "arn:aws:sns:ap-northeast-1:569083195829:create_user",
            "content_based_deduplication": false,
            "delivery_policy": "",
            "display_name": "",
            "fifo_topic": false,
            "firehose_failure_feedback_role_arn": "",
            "firehose_success_feedback_role_arn": "",
            "firehose_success_feedback_sample_rate": 0,
            "http_failure_feedback_role_arn": "",
            "http_success_feedback_role_arn": "",
            "http_success_feedback_sample_rate": 0,
            "id": "arn:aws:sns:ap-northeast-1:569083195829:create_user",
            "kms_master_key_id": "",
            "lambda_failure_feedback_role_arn": "",
            "lambda_success_feedback_role_arn": "",
            "lambda_success_feedback_sample_rate": 0,
            "name": "create_user",
            "name_prefix": "",
            "owner": "569083195829",
            "policy": "{\"Id\":\"__default_policy_ID\",\"Statement\":[{\"Action\":[\"SNS:GetTopicAttributes\",\"SNS:SetTopicAttributes\",\"SNS:AddPermission\",\"SNS:RemovePermission\",\"SNS:DeleteTopic\",\"SNS:Subscribe\",\"SNS:ListSubscriptionsByTopic\",\"SNS:Publish\"],\"Condition\":{\"StringEquals\":{\"AWS:SourceOwner\":\"569083195829\"}},\"Effect\":\"Allow\",\"Principal\":{\"AWS\":\"*\"},\"Resource\":\"arn:aws:sns:ap-northeast-1:569083195829:create_user\",\"Sid\":\"__default_statement_ID\"}],\"Version\":\"2008-10-17\"}",
            "signature_version": 0,
            "sqs_failure_feedback_role_arn": "",
            "sqs_success_feedback_role_arn": "",
            "sqs_success_feedback_sample_rate": 0,
            "tags": {},
            "tags_all": {},
            "tracing_config": ""
          },
          "sensitive_attributes": [],
          "private": "bnVsbA=="
        }
      ]
    },
    {
      "mode": "managed",
      "type": "aws_sns_topic_subscription",
      "name": "create_user",
      "provider": "provider[\"registry.terraform.io/hashicorp/aws\"]",
      "instances": [
        {
          "schema_version": 0,
          "attributes": {
            "arn": "arn:aws:sns:ap-northeast-1:569083195829:create_user:18fd2fb9-6405-4f50-9f4a-bfc91d117604",
            "confirmation_timeout_in_minutes": 1,
            "confirmation_was_authenticated": false,
            "delivery_policy": "",
            "endpoint": "cando@mz.co.kr",
            "endpoint_auto_confirms": false,
            "filter_policy": "",
            "filter_policy_scope": "",
            "id": "arn:aws:sns:ap-northeast-1:569083195829:create_user:18fd2fb9-6405-4f50-9f4a-bfc91d117604",
            "owner_id": "569083195829",
            "pending_confirmation": false,
            "protocol": "email",
            "raw_message_delivery": false,
            "redrive_policy": "",
            "subscription_role_arn": "",
            "topic_arn": "arn:aws:sns:ap-northeast-1:569083195829:create_user"
          },
          "sensitive_attributes": [],
          "private": "bnVsbA==",
          "dependencies": [
            "aws_sns_topic.create_user"
          ]
        }
      ]
    }
  ],
  "check_results": null
}
