{
  "version": 4,
  "terraform_version": "1.4.6",
  "serial": 1,
  "lineage": "6f999e82-40ee-0872-4055-7f2fdd7c45ac",
  "outputs": {},
  "resources": [
    {
      "mode": "managed",
      "type": "aws_guardduty_detector",
      "name": "MyDetector",
      "provider": "provider[\"registry.terraform.io/hashicorp/aws\"]",
      "instances": [
        {
          "schema_version": 0,
          "attributes": {
            "account_id": "569083195829",
            "arn": "arn:aws:guardduty:ap-northeast-1:569083195829:detector/bec488456e459469faba2a6a7f71173c",
            "datasources": [
              {
                "kubernetes": [
                  {
                    "audit_logs": [
                      {
                        "enable": true
                      }
                    ]
                  }
                ],
                "malware_protection": [
                  {
                    "scan_ec2_instance_with_findings": [
                      {
                        "ebs_volumes": [
                          {
                            "enable": true
                          }
                        ]
                      }
                    ]
                  }
                ],
                "s3_logs": [
                  {
                    "enable": true
                  }
                ]
              }
            ],
            "enable": true,
            "finding_publishing_frequency": "SIX_HOURS",
            "id": "bec488456e459469faba2a6a7f71173c",
            "tags": null,
            "tags_all": {}
          },
          "sensitive_attributes": [],
          "private": "bnVsbA=="
        }
      ]
    }
  ],
  "check_results": null
}
