{
  "version": 4,
  "terraform_version": "1.4.6",
  "serial": 77,
  "lineage": "c63f64ba-8035-01e0-60a2-5a844c16954f",
  "outputs": {},
  "resources": [
    {
      "mode": "data",
      "type": "aws_kms_key",
      "name": "storage_key",
      "provider": "provider[\"registry.terraform.io/hashicorp/aws\"]",
      "instances": [
        {
          "schema_version": 0,
          "attributes": {
            "arn": "arn:aws:kms:ap-northeast-1:569083195829:key/081cd182-c91d-407d-b624-88a9fe434e9b",
            "aws_account_id": "569083195829",
            "cloud_hsm_cluster_id": "",
            "creation_date": "2023-07-08T08:17:06Z",
            "custom_key_store_id": "",
            "customer_master_key_spec": "SYMMETRIC_DEFAULT",
            "deletion_date": null,
            "description": "storage encrypt key",
            "enabled": true,
            "expiration_model": "",
            "grant_tokens": null,
            "id": "081cd182-c91d-407d-b624-88a9fe434e9b",
            "key_id": "alias/cand0-storage-encrypt-key",
            "key_manager": "CUSTOMER",
            "key_spec": "SYMMETRIC_DEFAULT",
            "key_state": "Enabled",
            "key_usage": "ENCRYPT_DECRYPT",
            "multi_region": false,
            "multi_region_configuration": [],
            "origin": "AWS_KMS",
            "pending_deletion_window_in_days": 0,
            "valid_to": null,
            "xks_key_configuration": []
          },
          "sensitive_attributes": []
        }
      ]
    },
    {
      "mode": "managed",
      "type": "aws_s3_bucket",
      "name": "logging",
      "provider": "provider[\"registry.terraform.io/hashicorp/aws\"]",
      "instances": [
        {
          "schema_version": 0,
          "attributes": {
            "acceleration_status": "",
            "acl": null,
            "arn": "arn:aws:s3:::greatstar-logging",
            "bucket": "greatstar-logging",
            "bucket_domain_name": "greatstar-logging.s3.amazonaws.com",
            "bucket_prefix": "",
            "bucket_regional_domain_name": "greatstar-logging.s3.ap-northeast-1.amazonaws.com",
            "cors_rule": [],
            "force_destroy": false,
            "grant": [
              {
                "id": "9647b72b5a3fb9ab532488d4e7e4735abe02620504803b0c9c859b305c28a686",
                "permissions": [
                  "FULL_CONTROL"
                ],
                "type": "CanonicalUser",
                "uri": ""
              }
            ],
            "hosted_zone_id": "Z2M4EHUR26P7ZW",
            "id": "greatstar-logging",
            "lifecycle_rule": [
              {
                "abort_incomplete_multipart_upload_days": 0,
                "enabled": true,
                "expiration": [
                  {
                    "date": "",
                    "days": 1095,
                    "expired_object_delete_marker": false
                  }
                ],
                "id": "Access_log",
                "noncurrent_version_expiration": [],
                "noncurrent_version_transition": [],
                "prefix": "Access_logs/",
                "tags": {},
                "transition": [
                  {
                    "date": "",
                    "days": 30,
                    "storage_class": "GLACIER"
                  }
                ]
              },
              {
                "abort_incomplete_multipart_upload_days": 0,
                "enabled": true,
                "expiration": [
                  {
                    "date": "",
                    "days": 180,
                    "expired_object_delete_marker": false
                  }
                ],
                "id": "etc_log",
                "noncurrent_version_expiration": [],
                "noncurrent_version_transition": [],
                "prefix": "etc_logs/",
                "tags": {},
                "transition": [
                  {
                    "date": "",
                    "days": 30,
                    "storage_class": "GLACIER"
                  }
                ]
              },
              {
                "abort_incomplete_multipart_upload_days": 0,
                "enabled": true,
                "expiration": [
                  {
                    "date": "",
                    "days": 180,
                    "expired_object_delete_marker": false
                  }
                ],
                "id": "server",
                "noncurrent_version_expiration": [],
                "noncurrent_version_transition": [],
                "prefix": "server/",
                "tags": {},
                "transition": [
                  {
                    "date": "",
                    "days": 30,
                    "storage_class": "GLACIER"
                  }
                ]
              },
              {
                "abort_incomplete_multipart_upload_days": 0,
                "enabled": true,
                "expiration": [
                  {
                    "date": "",
                    "days": 180,
                    "expired_object_delete_marker": false
                  }
                ],
                "id": "bastion",
                "noncurrent_version_expiration": [],
                "noncurrent_version_transition": [],
                "prefix": "bastion/",
                "tags": {},
                "transition": [
                  {
                    "date": "",
                    "days": 30,
                    "storage_class": "GLACIER"
                  }
                ]
              }
            ],
            "logging": [],
            "object_lock_configuration": [
              {
                "object_lock_enabled": "Enabled",
                "rule": []
              }
            ],
            "object_lock_enabled": true,
            "policy": "{\"Statement\":[{\"Action\":\"s3:GetBucketAcl\",\"Effect\":\"Allow\",\"Principal\":{\"Service\":[\"cloudtrail.amazonaws.com\",\"logs.amazonaws.com\"]},\"Resource\":\"arn:aws:s3:::greatstar-logging\",\"Sid\":\"LogstoS3_bucket\"},{\"Action\":\"s3:PutObject\",\"Effect\":\"Allow\",\"Principal\":{\"Service\":[\"cloudtrail.amazonaws.com\",\"logs.amazonaws.com\"]},\"Resource\":[\"arn:aws:s3:::greatstar-logging/Access_logs/*\",\"arn:aws:s3:::greatstar-logging/etc_logs/*\"],\"Sid\":\"LogstoS3_Object\"},{\"Action\":\"s3:GetBucketAcl\",\"Effect\":\"Allow\",\"Principal\":{\"AWS\":\"arn:aws:iam::569083195829:role/ec2_server_policy\"},\"Resource\":\"arn:aws:s3:::greatstar-logging\",\"Sid\":\"EC2toS3_bucket\"},{\"Action\":\"s3:PutObject\",\"Effect\":\"Allow\",\"Principal\":{\"AWS\":\"arn:aws:iam::569083195829:role/ec2_server_policy\"},\"Resource\":[\"arn:aws:s3:::greatstar-logging/etc_logs/*\",\"arn:aws:s3:::greatstar-logging/server/*\",\"arn:aws:s3:::greatstar-logging/bastion/*\"],\"Sid\":\"EC2toS3_Object\"}],\"Version\":\"2012-10-17\"}",
            "region": "ap-northeast-1",
            "replication_configuration": [],
            "request_payer": "BucketOwner",
            "server_side_encryption_configuration": [
              {
                "rule": [
                  {
                    "apply_server_side_encryption_by_default": [
                      {
                        "kms_master_key_id": "arn:aws:kms:ap-northeast-1:569083195829:key/081cd182-c91d-407d-b624-88a9fe434e9b",
                        "sse_algorithm": "aws:kms"
                      }
                    ],
                    "bucket_key_enabled": false
                  }
                ]
              }
            ],
            "tags": {
              "Name": "logging_bucket"
            },
            "tags_all": {
              "Name": "logging_bucket"
            },
            "timeouts": null,
            "versioning": [
              {
                "enabled": true,
                "mfa_delete": false
              }
            ],
            "website": [],
            "website_domain": null,
            "website_endpoint": null
          },
          "sensitive_attributes": [],
          "private": "eyJlMmJmYjczMC1lY2FhLTExZTYtOGY4OC0zNDM2M2JjN2M0YzAiOnsiY3JlYXRlIjoxMjAwMDAwMDAwMDAwLCJkZWxldGUiOjM2MDAwMDAwMDAwMDAsInJlYWQiOjEyMDAwMDAwMDAwMDAsInVwZGF0ZSI6MTIwMDAwMDAwMDAwMH19"
        }
      ]
    },
    {
      "mode": "managed",
      "type": "aws_s3_bucket",
      "name": "srcbucket",
      "provider": "provider[\"registry.terraform.io/hashicorp/aws\"]",
      "instances": [
        {
          "schema_version": 0,
          "attributes": {
            "acceleration_status": "",
            "acl": null,
            "arn": "arn:aws:s3:::greatstar-srcbucket",
            "bucket": "greatstar-srcbucket",
            "bucket_domain_name": "greatstar-srcbucket.s3.amazonaws.com",
            "bucket_prefix": "",
            "bucket_regional_domain_name": "greatstar-srcbucket.s3.ap-northeast-1.amazonaws.com",
            "cors_rule": [],
            "force_destroy": false,
            "grant": [
              {
                "id": "9647b72b5a3fb9ab532488d4e7e4735abe02620504803b0c9c859b305c28a686",
                "permissions": [
                  "FULL_CONTROL"
                ],
                "type": "CanonicalUser",
                "uri": ""
              }
            ],
            "hosted_zone_id": "Z2M4EHUR26P7ZW",
            "id": "greatstar-srcbucket",
            "lifecycle_rule": [],
            "logging": [],
            "object_lock_configuration": [],
            "object_lock_enabled": false,
            "policy": "{\"Statement\":[{\"Action\":[\"s3:GetBucketAcl\",\"s3:ListBucket\"],\"Effect\":\"Allow\",\"Principal\":{\"AWS\":\"arn:aws:iam::569083195829:role/architect_policy\"},\"Resource\":\"arn:aws:s3:::greatstar-srcbucket\",\"Sid\":\"bucket dev\\u0026ops\"},{\"Action\":[\"s3:GetObject\",\"s3:PutObject\"],\"Effect\":\"Allow\",\"Principal\":{\"AWS\":\"arn:aws:iam::569083195829:role/architect_policy\"},\"Resource\":[\"arn:aws:s3:::greatstar-srcbucket/dev/*\",\"arn:aws:s3:::greatstar-srcbucket/ops/*\"],\"Sid\":\"object dev\\u0026ops\"}],\"Version\":\"2012-10-17\"}",
            "region": "ap-northeast-1",
            "replication_configuration": [],
            "request_payer": "BucketOwner",
            "server_side_encryption_configuration": [
              {
                "rule": [
                  {
                    "apply_server_side_encryption_by_default": [
                      {
                        "kms_master_key_id": "",
                        "sse_algorithm": "AES256"
                      }
                    ],
                    "bucket_key_enabled": false
                  }
                ]
              }
            ],
            "tags": {
              "Name": "src_bucket"
            },
            "tags_all": {
              "Name": "src_bucket"
            },
            "timeouts": null,
            "versioning": [
              {
                "enabled": true,
                "mfa_delete": false
              }
            ],
            "website": [],
            "website_domain": null,
            "website_endpoint": null
          },
          "sensitive_attributes": [],
          "private": "eyJlMmJmYjczMC1lY2FhLTExZTYtOGY4OC0zNDM2M2JjN2M0YzAiOnsiY3JlYXRlIjoxMjAwMDAwMDAwMDAwLCJkZWxldGUiOjM2MDAwMDAwMDAwMDAsInJlYWQiOjEyMDAwMDAwMDAwMDAsInVwZGF0ZSI6MTIwMDAwMDAwMDAwMH19"
        }
      ]
    },
    {
      "mode": "managed",
      "type": "aws_s3_bucket_lifecycle_configuration",
      "name": "logging",
      "provider": "provider[\"registry.terraform.io/hashicorp/aws\"]",
      "instances": [
        {
          "schema_version": 0,
          "attributes": {
            "bucket": "greatstar-logging",
            "expected_bucket_owner": "",
            "id": "greatstar-logging",
            "rule": [
              {
                "abort_incomplete_multipart_upload": [],
                "expiration": [
                  {
                    "date": "",
                    "days": 1095,
                    "expired_object_delete_marker": false
                  }
                ],
                "filter": [
                  {
                    "and": [],
                    "object_size_greater_than": "",
                    "object_size_less_than": "",
                    "prefix": "Access_logs/",
                    "tag": []
                  }
                ],
                "id": "Access_log",
                "noncurrent_version_expiration": [],
                "noncurrent_version_transition": [],
                "prefix": "",
                "status": "Enabled",
                "transition": [
                  {
                    "date": "",
                    "days": 30,
                    "storage_class": "GLACIER"
                  }
                ]
              },
              {
                "abort_incomplete_multipart_upload": [],
                "expiration": [
                  {
                    "date": "",
                    "days": 180,
                    "expired_object_delete_marker": false
                  }
                ],
                "filter": [
                  {
                    "and": [],
                    "object_size_greater_than": "",
                    "object_size_less_than": "",
                    "prefix": "etc_logs/",
                    "tag": []
                  }
                ],
                "id": "etc_log",
                "noncurrent_version_expiration": [],
                "noncurrent_version_transition": [],
                "prefix": "",
                "status": "Enabled",
                "transition": [
                  {
                    "date": "",
                    "days": 30,
                    "storage_class": "GLACIER"
                  }
                ]
              },
              {
                "abort_incomplete_multipart_upload": [],
                "expiration": [
                  {
                    "date": "",
                    "days": 180,
                    "expired_object_delete_marker": false
                  }
                ],
                "filter": [
                  {
                    "and": [],
                    "object_size_greater_than": "",
                    "object_size_less_than": "",
                    "prefix": "server/",
                    "tag": []
                  }
                ],
                "id": "server",
                "noncurrent_version_expiration": [],
                "noncurrent_version_transition": [],
                "prefix": "",
                "status": "Enabled",
                "transition": [
                  {
                    "date": "",
                    "days": 30,
                    "storage_class": "GLACIER"
                  }
                ]
              },
              {
                "abort_incomplete_multipart_upload": [],
                "expiration": [
                  {
                    "date": "",
                    "days": 180,
                    "expired_object_delete_marker": false
                  }
                ],
                "filter": [
                  {
                    "and": [],
                    "object_size_greater_than": "",
                    "object_size_less_than": "",
                    "prefix": "bastion/",
                    "tag": []
                  }
                ],
                "id": "bastion",
                "noncurrent_version_expiration": [],
                "noncurrent_version_transition": [],
                "prefix": "",
                "status": "Enabled",
                "transition": [
                  {
                    "date": "",
                    "days": 30,
                    "storage_class": "GLACIER"
                  }
                ]
              }
            ]
          },
          "sensitive_attributes": [],
          "private": "bnVsbA==",
          "dependencies": [
            "aws_s3_bucket.logging"
          ]
        }
      ]
    },
    {
      "mode": "managed",
      "type": "aws_s3_bucket_policy",
      "name": "logging",
      "provider": "provider[\"registry.terraform.io/hashicorp/aws\"]",
      "instances": [
        {
          "schema_version": 0,
          "attributes": {
            "bucket": "greatstar-logging",
            "id": "greatstar-logging",
            "policy": "{\"Statement\":[{\"Action\":[\"s3:GetBucketAcl\"],\"Effect\":\"Allow\",\"Principal\":{\"Service\":[\"logs.amazonaws.com\",\"cloudtrail.amazonaws.com\"]},\"Resource\":\"arn:aws:s3:::greatstar-logging\",\"Sid\":\"LogstoS3_bucket\"},{\"Action\":[\"s3:PutObject\"],\"Effect\":\"Allow\",\"Principal\":{\"Service\":[\"logs.amazonaws.com\",\"cloudtrail.amazonaws.com\"]},\"Resource\":[\"arn:aws:s3:::greatstar-logging/Access_logs/*\",\"arn:aws:s3:::greatstar-logging/etc_logs/*\"],\"Sid\":\"LogstoS3_Object\"},{\"Action\":\"s3:GetBucketAcl\",\"Effect\":\"Allow\",\"Principal\":{\"AWS\":\"arn:aws:iam::569083195829:role/ec2_server_policy\"},\"Resource\":\"arn:aws:s3:::greatstar-logging\",\"Sid\":\"EC2toS3_bucket\"},{\"Action\":\"s3:PutObject\",\"Effect\":\"Allow\",\"Principal\":{\"AWS\":\"arn:aws:iam::569083195829:role/ec2_server_policy\"},\"Resource\":[\"arn:aws:s3:::greatstar-logging/etc_logs/*\",\"arn:aws:s3:::greatstar-logging/server/*\",\"arn:aws:s3:::greatstar-logging/bastion/*\"],\"Sid\":\"EC2toS3_Object\"}],\"Version\":\"2012-10-17\"}"
          },
          "sensitive_attributes": [],
          "private": "bnVsbA==",
          "dependencies": [
            "aws_s3_bucket.logging"
          ]
        }
      ]
    },
    {
      "mode": "managed",
      "type": "aws_s3_bucket_policy",
      "name": "srcbucket",
      "provider": "provider[\"registry.terraform.io/hashicorp/aws\"]",
      "instances": [
        {
          "schema_version": 0,
          "attributes": {
            "bucket": "greatstar-srcbucket",
            "id": "greatstar-srcbucket",
            "policy": "{\"Statement\":[{\"Action\":[\"s3:GetBucketAcl\",\"s3:ListBucket\"],\"Effect\":\"Allow\",\"Principal\":{\"AWS\":[\"arn:aws:iam::569083195829:role/architect_policy\",\"arn:aws:iam::569083195829:role/ec2_server_policy\"]},\"Resource\":\"arn:aws:s3:::greatstar-srcbucket\",\"Sid\":\"bucket dev\\u0026ops\"},{\"Action\":[\"s3:GetObject\",\"s3:PutObject\"],\"Effect\":\"Allow\",\"Principal\":{\"AWS\":[\"arn:aws:iam::569083195829:role/architect_policy\",\"arn:aws:iam::569083195829:role/ec2_server_policy\"]},\"Resource\":[\"arn:aws:s3:::greatstar-srcbucket/dev/*\",\"arn:aws:s3:::greatstar-srcbucket/ops/*\"],\"Sid\":\"object dev\\u0026ops\"}],\"Version\":\"2012-10-17\"}"
          },
          "sensitive_attributes": [],
          "private": "bnVsbA==",
          "dependencies": [
            "aws_s3_bucket.srcbucket"
          ]
        }
      ]
    },
    {
      "mode": "managed",
      "type": "aws_s3_bucket_server_side_encryption_configuration",
      "name": "logging",
      "provider": "provider[\"registry.terraform.io/hashicorp/aws\"]",
      "instances": [
        {
          "schema_version": 0,
          "attributes": {
            "bucket": "greatstar-logging",
            "expected_bucket_owner": "",
            "id": "greatstar-logging",
            "rule": [
              {
                "apply_server_side_encryption_by_default": [
                  {
                    "kms_master_key_id": "arn:aws:kms:ap-northeast-1:569083195829:key/081cd182-c91d-407d-b624-88a9fe434e9b",
                    "sse_algorithm": "aws:kms"
                  }
                ],
                "bucket_key_enabled": false
              }
            ]
          },
          "sensitive_attributes": [],
          "private": "bnVsbA==",
          "dependencies": [
            "aws_s3_bucket.logging",
            "data.aws_kms_key.storage_key"
          ]
        }
      ]
    },
    {
      "mode": "managed",
      "type": "aws_s3_bucket_versioning",
      "name": "srcbucket",
      "provider": "provider[\"registry.terraform.io/hashicorp/aws\"]",
      "instances": [
        {
          "schema_version": 0,
          "attributes": {
            "bucket": "greatstar-srcbucket",
            "expected_bucket_owner": "",
            "id": "greatstar-srcbucket",
            "mfa": null,
            "versioning_configuration": [
              {
                "mfa_delete": "",
                "status": "Enabled"
              }
            ]
          },
          "sensitive_attributes": [],
          "private": "bnVsbA==",
          "dependencies": [
            "aws_s3_bucket.srcbucket"
          ]
        }
      ]
    }
  ],
  "check_results": null
}
